
Microsoft Visual Studio Solution File, Format Version 12.00
# Visual Studio 14
VisualStudioVersion = 14.0.25420.1
MinimumVisualStudioVersion = 10.0.40219.1
Project("{FAE04EC0-301F-11D3-BF4B-00C04F79EFBC}") = "HelloWorld", "HelloWorld\HelloWorld.csproj", "{FF101D60-1545-477C-91B2-41636F48C2FB}"
EndProject
Project("{FAE04EC0-301F-11D3-BF4B-00C04F79EFBC}") = "LayoutGrid", "LayoutGrid\LayoutGrid.csproj", "{FE862043-B678-4886-ACA1-21EE345E91DC}"
EndProject
Project("{FAE04EC0-301F-11D3-BF4B-00C04F79EFBC}") = "LayoutStack", "LayoutStack\LayoutStack.csproj", "{7286CC0C-73B4-4064-8283-7D8FD9FA9D09}"
EndProject
Project("{FAE04EC0-301F-11D3-BF4B-00C04F79EFBC}") = "LayoutGridStack", "LayoutGridStack\LayoutGridStack.csproj", "{3D460578-BD4E-4767-AE5F-45A8DC1D2E25}"
EndProject
Project("{FAE04EC0-301F-11D3-BF4B-00C04F79EFBC}") = "RelativePanel", "RelativePanel\RelativePanel.csproj", "{5D5C3AA4-CCF5-4F4F-B00F-D97E55E12849}"
EndProject
Project("{FAE04EC0-301F-11D3-BF4B-00C04F79EFBC}") = "RelativeSearchBar", "RelativeSearchBar\RelativeSearchBar.csproj", "{783793F5-137D-48CC-949D-F61408227EEE}"
EndProject
Project("{FAE04EC0-301F-11D3-BF4B-00C04F79EFBC}") = "SplitView", "SplitView\SplitView.csproj", "{0495C830-9B8D-4D3B-A236-4BF218E26AF3}"
EndProject
Project("{FAE04EC0-301F-11D3-BF4B-00C04F79EFBC}") = "NavigationView", "NavigationView\NavigationView.csproj", "{CE95BA40-BD77-48AD-B02C-75A3C30C528F}"
EndProject
Project("{FAE04EC0-301F-11D3-BF4B-00C04F79EFBC}") = "Controls", "Controls\Controls.csproj", "{9F431EBE-5BE2-4B87-869B-9BB9DC2334FF}"
EndProject
Project("{FAE04EC0-301F-11D3-BF4B-00C04F79EFBC}") = "NavigationBar", "NavigationBar\NavigationBar.csproj", "{72F05268-A13D-4606-89A3-02743A6B0DDD}"
EndProject
Global
	GlobalSection(SolutionConfigurationPlatforms) = preSolution
		Debug|ARM = Debug|ARM
		Debug|x64 = Debug|x64
		Debug|x86 = Debug|x86
		Release|ARM = Release|ARM
		Release|x64 = Release|x64
		Release|x86 = Release|x86
	EndGlobalSection
	GlobalSection(ProjectConfigurationPlatforms) = postSolution
		{FF101D60-1545-477C-91B2-41636F48C2FB}.Debug|ARM.ActiveCfg = Debug|ARM
		{FF101D60-1545-477C-91B2-41636F48C2FB}.Debug|ARM.Build.0 = Debug|ARM
		{FF101D60-1545-477C-91B2-41636F48C2FB}.Debug|ARM.Deploy.0 = Debug|ARM
		{FF101D60-1545-477C-91B2-41636F48C2FB}.Debug|x64.ActiveCfg = Debug|x64
		{FF101D60-1545-477C-91B2-41636F48C2FB}.Debug|x64.Build.0 = Debug|x64
		{FF101D60-1545-477C-91B2-41636F48C2FB}.Debug|x64.Deploy.0 = Debug|x64
		{FF101D60-1545-477C-91B2-41636F48C2FB}.Debug|x86.ActiveCfg = Debug|x86
		{FF101D60-1545-477C-91B2-41636F48C2FB}.Debug|x86.Build.0 = Debug|x86
		{FF101D60-1545-477C-91B2-41636F48C2FB}.Debug|x86.Deploy.0 = Debug|x86
		{FF101D60-1545-477C-91B2-41636F48C2FB}.Release|ARM.ActiveCfg = Release|ARM
		{FF101D60-1545-477C-91B2-41636F48C2FB}.Release|ARM.Build.0 = Release|ARM
		{FF101D60-1545-477C-91B2-41636F48C2FB}.Release|ARM.Deploy.0 = Release|ARM
		{FF101D60-1545-477C-91B2-41636F48C2FB}.Release|x64.ActiveCfg = Release|x64
		{FF101D60-1545-477C-91B2-41636F48C2FB}.Release|x64.Build.0 = Release|x64
		{FF101D60-1545-477C-91B2-41636F48C2FB}.Release|x64.Deploy.0 = Release|x64
		{FF101D60-1545-477C-91B2-41636F48C2FB}.Release|x86.ActiveCfg = Release|x86
		{FF101D60-1545-477C-91B2-41636F48C2FB}.Release|x86.Build.0 = Release|x86
		{FF101D60-1545-477C-91B2-41636F48C2FB}.Release|x86.Deploy.0 = Release|x86
		{FE862043-B678-4886-ACA1-21EE345E91DC}.Debug|ARM.ActiveCfg = Debug|ARM
		{FE862043-B678-4886-ACA1-21EE345E91DC}.Debug|ARM.Build.0 = Debug|ARM
		{FE862043-B678-4886-ACA1-21EE345E91DC}.Debug|ARM.Deploy.0 = Debug|ARM
		{FE862043-B678-4886-ACA1-21EE345E91DC}.Debug|x64.ActiveCfg = Debug|x64
		{FE862043-B678-4886-ACA1-21EE345E91DC}.Debug|x64.Build.0 = Debug|x64
		{FE862043-B678-4886-ACA1-21EE345E91DC}.Debug|x64.Deploy.0 = Debug|x64
		{FE862043-B678-4886-ACA1-21EE345E91DC}.Debug|x86.ActiveCfg = Debug|x86
		{FE862043-B678-4886-ACA1-21EE345E91DC}.Debug|x86.Build.0 = Debug|x86
		{FE862043-B678-4886-ACA1-21EE345E91DC}.Debug|x86.Deploy.0 = Debug|x86
		{FE862043-B678-4886-ACA1-21EE345E91DC}.Release|ARM.ActiveCfg = Release|ARM
		{FE862043-B678-4886-ACA1-21EE345E91DC}.Release|ARM.Build.0 = Release|ARM
		{FE862043-B678-4886-ACA1-21EE345E91DC}.Release|ARM.Deploy.0 = Release|ARM
		{FE862043-B678-4886-ACA1-21EE345E91DC}.Release|x64.ActiveCfg = Release|x64
		{FE862043-B678-4886-ACA1-21EE345E91DC}.Release|x64.Build.0 = Release|x64
		{FE862043-B678-4886-ACA1-21EE345E91DC}.Release|x64.Deploy.0 = Release|x64
		{FE862043-B678-4886-ACA1-21EE345E91DC}.Release|x86.ActiveCfg = Release|x86
		{FE862043-B678-4886-ACA1-21EE345E91DC}.Release|x86.Build.0 = Release|x86
		{FE862043-B678-4886-ACA1-21EE345E91DC}.Release|x86.Deploy.0 = Release|x86
		{7286CC0C-73B4-4064-8283-7D8FD9FA9D09}.Debug|ARM.ActiveCfg = Debug|ARM
		{7286CC0C-73B4-4064-8283-7D8FD9FA9D09}.Debug|ARM.Build.0 = Debug|ARM
		{7286CC0C-73B4-4064-8283-7D8FD9FA9D09}.Debug|ARM.Deploy.0 = Debug|ARM
		{7286CC0C-73B4-4064-8283-7D8FD9FA9D09}.Debug|x64.ActiveCfg = Debug|x64
		{7286CC0C-73B4-4064-8283-7D8FD9FA9D09}.Debug|x64.Build.0 = Debug|x64
		{7286CC0C-73B4-4064-8283-7D8FD9FA9D09}.Debug|x64.Deploy.0 = Debug|x64
		{7286CC0C-73B4-4064-8283-7D8FD9FA9D09}.Debug|x86.ActiveCfg = Debug|x86
		{7286CC0C-73B4-4064-8283-7D8FD9FA9D09}.Debug|x86.Build.0 = Debug|x86
		{7286CC0C-73B4-4064-8283-7D8FD9FA9D09}.Debug|x86.Deploy.0 = Debug|x86
		{7286CC0C-73B4-4064-8283-7D8FD9FA9D09}.Release|ARM.ActiveCfg = Release|ARM
		{7286CC0C-73B4-4064-8283-7D8FD9FA9D09}.Release|ARM.Build.0 = Release|ARM
		{7286CC0C-73B4-4064-8283-7D8FD9FA9D09}.Release|ARM.Deploy.0 = Release|ARM
		{7286CC0C-73B4-4064-8283-7D8FD9FA9D09}.Release|x64.ActiveCfg = Release|x64
		{7286CC0C-73B4-4064-8283-7D8FD9FA9D09}.Release|x64.Build.0 = Release|x64
		{7286CC0C-73B4-4064-8283-7D8FD9FA9D09}.Release|x64.Deploy.0 = Release|x64
		{7286CC0C-73B4-4064-8283-7D8FD9FA9D09}.Release|x86.ActiveCfg = Release|x86
		{7286CC0C-73B4-4064-8283-7D8FD9FA9D09}.Release|x86.Build.0 = Release|x86
		{7286CC0C-73B4-4064-8283-7D8FD9FA9D09}.Release|x86.Deploy.0 = Release|x86
		{3D460578-BD4E-4767-AE5F-45A8DC1D2E25}.Debug|ARM.ActiveCfg = Debug|ARM
		{3D460578-BD4E-4767-AE5F-45A8DC1D2E25}.Debug|ARM.Build.0 = Debug|ARM
		{3D460578-BD4E-4767-AE5F-45A8DC1D2E25}.Debug|ARM.Deploy.0 = Debug|ARM
		{3D460578-BD4E-4767-AE5F-45A8DC1D2E25}.Debug|x64.ActiveCfg = Debug|x64
		{3D460578-BD4E-4767-AE5F-45A8DC1D2E25}.Debug|x64.Build.0 = Debug|x64
		{3D460578-BD4E-4767-AE5F-45A8DC1D2E25}.Debug|x64.Deploy.0 = Debug|x64
		{3D460578-BD4E-4767-AE5F-45A8DC1D2E25}.Debug|x86.ActiveCfg = Debug|x86
		{3D460578-BD4E-4767-AE5F-45A8DC1D2E25}.Debug|x86.Build.0 = Debug|x86
		{3D460578-BD4E-4767-AE5F-45A8DC1D2E25}.Debug|x86.Deploy.0 = Debug|x86
		{3D460578-BD4E-4767-AE5F-45A8DC1D2E25}.Release|ARM.ActiveCfg = Release|ARM
		{3D460578-BD4E-4767-AE5F-45A8DC1D2E25}.Release|ARM.Build.0 = Release|ARM
		{3D460578-BD4E-4767-AE5F-45A8DC1D2E25}.Release|ARM.Deploy.0 = Release|ARM
		{3D460578-BD4E-4767-AE5F-45A8DC1D2E25}.Release|x64.ActiveCfg = Release|x64
		{3D460578-BD4E-4767-AE5F-45A8DC1D2E25}.Release|x64.Build.0 = Release|x64
		{3D460578-BD4E-4767-AE5F-45A8DC1D2E25}.Release|x64.Deploy.0 = Release|x64
		{3D460578-BD4E-4767-AE5F-45A8DC1D2E25}.Release|x86.ActiveCfg = Release|x86
		{3D460578-BD4E-4767-AE5F-45A8DC1D2E25}.Release|x86.Build.0 = Release|x86
		{3D460578-BD4E-4767-AE5F-45A8DC1D2E25}.Release|x86.Deploy.0 = Release|x86
		{5D5C3AA4-CCF5-4F4F-B00F-D97E55E12849}.Debug|ARM.ActiveCfg = Debug|ARM
		{5D5C3AA4-CCF5-4F4F-B00F-D97E55E12849}.Debug|ARM.Build.0 = Debug|ARM
		{5D5C3AA4-CCF5-4F4F-B00F-D97E55E12849}.Debug|ARM.Deploy.0 = Debug|ARM
		{5D5C3AA4-CCF5-4F4F-B00F-D97E55E12849}.Debug|x64.ActiveCfg = Debug|x64
		{5D5C3AA4-CCF5-4F4F-B00F-D97E55E12849}.Debug|x64.Build.0 = Debug|x64
		{5D5C3AA4-CCF5-4F4F-B00F-D97E55E12849}.Debug|x64.Deploy.0 = Debug|x64
		{5D5C3AA4-CCF5-4F4F-B00F-D97E55E12849}.Debug|x86.ActiveCfg = Debug|x86
		{5D5C3AA4-CCF5-4F4F-B00F-D97E55E12849}.Debug|x86.Build.0 = Debug|x86
		{5D5C3AA4-CCF5-4F4F-B00F-D97E55E12849}.Debug|x86.Deploy.0 = Debug|x86
		{5D5C3AA4-CCF5-4F4F-B00F-D97E55E12849}.Release|ARM.ActiveCfg = Release|ARM
		{5D5C3AA4-CCF5-4F4F-B00F-D97E55E12849}.Release|ARM.Build.0 = Release|ARM
		{5D5C3AA4-CCF5-4F4F-B00F-D97E55E12849}.Release|ARM.Deploy.0 = Release|ARM
		{5D5C3AA4-CCF5-4F4F-B00F-D97E55E12849}.Release|x64.ActiveCfg = Release|x64
		{5D5C3AA4-CCF5-4F4F-B00F-D97E55E12849}.Release|x64.Build.0 = Release|x64
		{5D5C3AA4-CCF5-4F4F-B00F-D97E55E12849}.Release|x64.Deploy.0 = Release|x64
		{5D5C3AA4-CCF5-4F4F-B00F-D97E55E12849}.Release|x86.ActiveCfg = Release|x86
		{5D5C3AA4-CCF5-4F4F-B00F-D97E55E12849}.Release|x86.Build.0 = Release|x86
		{5D5C3AA4-CCF5-4F4F-B00F-D97E55E12849}.Release|x86.Deploy.0 = Release|x86
		{783793F5-137D-48CC-949D-F61408227EEE}.Debug|ARM.ActiveCfg = Debug|ARM
		{783793F5-137D-48CC-949D-F61408227EEE}.Debug|ARM.Build.0 = Debug|ARM
		{783793F5-137D-48CC-949D-F61408227EEE}.Debug|ARM.Deploy.0 = Debug|ARM
		{783793F5-137D-48CC-949D-F61408227EEE}.Debug|x64.ActiveCfg = Debug|x64
		{783793F5-137D-48CC-949D-F61408227EEE}.Debug|x64.Build.0 = Debug|x64
		{783793F5-137D-48CC-949D-F61408227EEE}.Debug|x64.Deploy.0 = Debug|x64
		{783793F5-137D-48CC-949D-F61408227EEE}.Debug|x86.ActiveCfg = Debug|x86
		{783793F5-137D-48CC-949D-F61408227EEE}.Debug|x86.Build.0 = Debug|x86
		{783793F5-137D-48CC-949D-F61408227EEE}.Debug|x86.Deploy.0 = Debug|x86
		{783793F5-137D-48CC-949D-F61408227EEE}.Release|ARM.ActiveCfg = Release|ARM
		{783793F5-137D-48CC-949D-F61408227EEE}.Release|ARM.Build.0 = Release|ARM
		{783793F5-137D-48CC-949D-F61408227EEE}.Release|ARM.Deploy.0 = Release|ARM
		{783793F5-137D-48CC-949D-F61408227EEE}.Release|x64.ActiveCfg = Release|x64
		{783793F5-137D-48CC-949D-F61408227EEE}.Release|x64.Build.0 = Release|x64
		{783793F5-137D-48CC-949D-F61408227EEE}.Release|x64.Deploy.0 = Release|x64
		{783793F5-137D-48CC-949D-F61408227EEE}.Release|x86.ActiveCfg = Release|x86
		{783793F5-137D-48CC-949D-F61408227EEE}.Release|x86.Build.0 = Release|x86
		{783793F5-137D-48CC-949D-F61408227EEE}.Release|x86.Deploy.0 = Release|x86
		{0495C830-9B8D-4D3B-A236-4BF218E26AF3}.Debug|ARM.ActiveCfg = Debug|ARM
		{0495C830-9B8D-4D3B-A236-4BF218E26AF3}.Debug|ARM.Build.0 = Debug|ARM
		{0495C830-9B8D-4D3B-A236-4BF218E26AF3}.Debug|ARM.Deploy.0 = Debug|ARM
		{0495C830-9B8D-4D3B-A236-4BF218E26AF3}.Debug|x64.ActiveCfg = Debug|x64
		{0495C830-9B8D-4D3B-A236-4BF218E26AF3}.Debug|x64.Build.0 = Debug|x64
		{0495C830-9B8D-4D3B-A236-4BF218E26AF3}.Debug|x64.Deploy.0 = Debug|x64
		{0495C830-9B8D-4D3B-A236-4BF218E26AF3}.Debug|x86.ActiveCfg = Debug|x86
		{0495C830-9B8D-4D3B-A236-4BF218E26AF3}.Debug|x86.Build.0 = Debug|x86
		{0495C830-9B8D-4D3B-A236-4BF218E26AF3}.Debug|x86.Deploy.0 = Debug|x86
		{0495C830-9B8D-4D3B-A236-4BF218E26AF3}.Release|ARM.ActiveCfg = Release|ARM
		{0495C830-9B8D-4D3B-A236-4BF218E26AF3}.Release|ARM.Build.0 = Release|ARM
		{0495C830-9B8D-4D3B-A236-4BF218E26AF3}.Release|ARM.Deploy.0 = Release|ARM
		{0495C830-9B8D-4D3B-A236-4BF218E26AF3}.Release|x64.ActiveCfg = Release|x64
		{0495C830-9B8D-4D3B-A236-4BF218E26AF3}.Release|x64.Build.0 = Release|x64
		{0495C830-9B8D-4D3B-A236-4BF218E26AF3}.Release|x64.Deploy.0 = Release|x64
		{0495C830-9B8D-4D3B-A236-4BF218E26AF3}.Release|x86.ActiveCfg = Release|x86
		{0495C830-9B8D-4D3B-A236-4BF218E26AF3}.Release|x86.Build.0 = Release|x86
		{0495C830-9B8D-4D3B-A236-4BF218E26AF3}.Release|x86.Deploy.0 = Release|x86
		{CE95BA40-BD77-48AD-B02C-75A3C30C528F}.Debug|ARM.ActiveCfg = Debug|ARM
		{CE95BA40-BD77-48AD-B02C-75A3C30C528F}.Debug|ARM.Build.0 = Debug|ARM
		{CE95BA40-BD77-48AD-B02C-75A3C30C528F}.Debug|ARM.Deploy.0 = Debug|ARM
		{CE95BA40-BD77-48AD-B02C-75A3C30C528F}.Debug|x64.ActiveCfg = Debug|x64
		{CE95BA40-BD77-48AD-B02C-75A3C30C528F}.Debug|x64.Build.0 = Debug|x64
		{CE95BA40-BD77-48AD-B02C-75A3C30C528F}.Debug|x64.Deploy.0 = Debug|x64
		{CE95BA40-BD77-48AD-B02C-75A3C30C528F}.Debug|x86.ActiveCfg = Debug|x86
		{CE95BA40-BD77-48AD-B02C-75A3C30C528F}.Debug|x86.Build.0 = Debug|x86
		{CE95BA40-BD77-48AD-B02C-75A3C30C528F}.Debug|x86.Deploy.0 = Debug|x86
		{CE95BA40-BD77-48AD-B02C-75A3C30C528F}.Release|ARM.ActiveCfg = Release|ARM
		{CE95BA40-BD77-48AD-B02C-75A3C30C528F}.Release|ARM.Build.0 = Release|ARM
		{CE95BA40-BD77-48AD-B02C-75A3C30C528F}.Release|ARM.Deploy.0 = Release|ARM
		{CE95BA40-BD77-48AD-B02C-75A3C30C528F}.Release|x64.ActiveCfg = Release|x64
		{CE95BA40-BD77-48AD-B02C-75A3C30C528F}.Release|x64.Build.0 = Release|x64
		{CE95BA40-BD77-48AD-B02C-75A3C30C528F}.Release|x64.Deploy.0 = Release|x64
		{CE95BA40-BD77-48AD-B02C-75A3C30C528F}.Release|x86.ActiveCfg = Release|x86
		{CE95BA40-BD77-48AD-B02C-75A3C30C528F}.Release|x86.Build.0 = Release|x86
		{CE95BA40-BD77-48AD-B02C-75A3C30C528F}.Release|x86.Deploy.0 = Release|x86
		{9F431EBE-5BE2-4B87-869B-9BB9DC2334FF}.Debug|ARM.ActiveCfg = Debug|ARM
		{9F431EBE-5BE2-4B87-869B-9BB9DC2334FF}.Debug|ARM.Build.0 = Debug|ARM
		{9F431EBE-5BE2-4B87-869B-9BB9DC2334FF}.Debug|ARM.Deploy.0 = Debug|ARM
		{9F431EBE-5BE2-4B87-869B-9BB9DC2334FF}.Debug|x64.ActiveCfg = Debug|x64
		{9F431EBE-5BE2-4B87-869B-9BB9DC2334FF}.Debug|x64.Build.0 = Debug|x64
		{9F431EBE-5BE2-4B87-869B-9BB9DC2334FF}.Debug|x64.Deploy.0 = Debug|x64
		{9F431EBE-5BE2-4B87-869B-9BB9DC2334FF}.Debug|x86.ActiveCfg = Debug|x86
		{9F431EBE-5BE2-4B87-869B-9BB9DC2334FF}.Debug|x86.Build.0 = Debug|x86
		{9F431EBE-5BE2-4B87-869B-9BB9DC2334FF}.Debug|x86.Deploy.0 = Debug|x86
		{9F431EBE-5BE2-4B87-869B-9BB9DC2334FF}.Release|ARM.ActiveCfg = Release|ARM
		{9F431EBE-5BE2-4B87-869B-9BB9DC2334FF}.Release|ARM.Build.0 = Release|ARM
		{9F431EBE-5BE2-4B87-869B-9BB9DC2334FF}.Release|ARM.Deploy.0 = Release|ARM
		{9F431EBE-5BE2-4B87-869B-9BB9DC2334FF}.Release|x64.ActiveCfg = Release|x64
		{9F431EBE-5BE2-4B87-869B-9BB9DC2334FF}.Release|x64.Build.0 = Release|x64
		{9F431EBE-5BE2-4B87-869B-9BB9DC2334FF}.Release|x64.Deploy.0 = Release|x64
		{9F431EBE-5BE2-4B87-869B-9BB9DC2334FF}.Release|x86.ActiveCfg = Release|x86
		{9F431EBE-5BE2-4B87-869B-9BB9DC2334FF}.Release|x86.Build.0 = Release|x86
		{9F431EBE-5BE2-4B87-869B-9BB9DC2334FF}.Release|x86.Deploy.0 = Release|x86
		{72F05268-A13D-4606-89A3-02743A6B0DDD}.Debug|ARM.ActiveCfg = Debug|ARM
		{72F05268-A13D-4606-89A3-02743A6B0DDD}.Debug|ARM.Build.0 = Debug|ARM
		{72F05268-A13D-4606-89A3-02743A6B0DDD}.Debug|ARM.Deploy.0 = Debug|ARM
		{72F05268-A13D-4606-89A3-02743A6B0DDD}.Debug|x64.ActiveCfg = Debug|x64
		{72F05268-A13D-4606-89A3-02743A6B0DDD}.Debug|x64.Build.0 = Debug|x64
		{72F05268-A13D-4606-89A3-02743A6B0DDD}.Debug|x64.Deploy.0 = Debug|x64
		{72F05268-A13D-4606-89A3-02743A6B0DDD}.Debug|x86.ActiveCfg = Debug|x86
		{72F05268-A13D-4606-89A3-02743A6B0DDD}.Debug|x86.Build.0 = Debug|x86
		{72F05268-A13D-4606-89A3-02743A6B0DDD}.Debug|x86.Deploy.0 = Debug|x86
		{72F05268-A13D-4606-89A3-02743A6B0DDD}.Release|ARM.ActiveCfg = Release|ARM
		{72F05268-A13D-4606-89A3-02743A6B0DDD}.Release|ARM.Build.0 = Release|ARM
		{72F05268-A13D-4606-89A3-02743A6B0DDD}.Release|ARM.Deploy.0 = Release|ARM
		{72F05268-A13D-4606-89A3-02743A6B0DDD}.Release|x64.ActiveCfg = Release|x64
		{72F05268-A13D-4606-89A3-02743A6B0DDD}.Release|x64.Build.0 = Release|x64
		{72F05268-A13D-4606-89A3-02743A6B0DDD}.Release|x64.Deploy.0 = Release|x64
		{72F05268-A13D-4606-89A3-02743A6B0DDD}.Release|x86.ActiveCfg = Release|x86
		{72F05268-A13D-4606-89A3-02743A6B0DDD}.Release|x86.Build.0 = Release|x86
		{72F05268-A13D-4606-89A3-02743A6B0DDD}.Release|x86.Deploy.0 = Release|x86
	EndGlobalSection
	GlobalSection(SolutionProperties) = preSolution
		HideSolutionNode = FALSE
	EndGlobalSection
EndGlobal
